// !$*UTF8*$!
{
	archiveVersion = 1;
	classes = {
	};
	objectVersion = 77;
	objects = {

/* Begin PBXBuildFile section */
		CB11C4662F240D670026B588 /* StoreKit.framework in Frameworks */ = {isa = PBXBuildFile; fileRef = CB11C4652F240D660026B588 /* StoreKit.framework */; };
		CB11C4672F2411130026B588 /* StoreKit.framework in Frameworks */ = {isa = PBXBuildFile; fileRef = CB11C4652F240D660026B588 /* StoreKit.framework */; };
		CBB20F482F06C22400F4C7BB /* README.md in Resources */ = {isa = PBXBuildFile; fileRef = CBB20F472F06C22400F4C7BB /* README.md */; };
		CBB20F4A2F06C22700F4C7BB /* IMPLEMENTATION_CHECKLIST.md in Resources */ = {isa = PBXBuildFile; fileRef = CBB20F492F06C22700F4C7BB /* IMPLEMENTATION_CHECKLIST.md */; };
		CBB20F512F06C2F900F4C7BB /* README.md in Resources */ = {isa = PBXBuildFile; fileRef = CBB20F472F06C22400F4C7BB /* README.md */; };
		CBB20F522F06C2F900F4C7BB /* IMPLEMENTATION_CHECKLIST.md in Resources */ = {isa = PBXBuildFile; fileRef = CBB20F492F06C22700F4C7BB /* IMPLEMENTATION_CHECKLIST.md */; };
		CBB20F5A2F06C4A200F4C7BB /* SuperwallKit in Frameworks */ = {isa = PBXBuildFile; productRef = CBB20F592F06C4A200F4C7BB /* SuperwallKit */; };
		CBB20F5B2F06C4A300F4C7BB /* SuperwallKit in Frameworks */ = {isa = PBXBuildFile; productRef = CBB20F5C2F06C4A300F4C7BB /* SuperwallKit */; };
/* End PBXBuildFile section */

/* Begin PBXContainerItemProxy section */
		CBB20ECD2F06C07F00F4C7BB /* PBXContainerItemProxy */ = {
			isa = PBXContainerItemProxy;
			containerPortal = CBB20EB72F06C07900F4C7BB /* Project object */;
			proxyType = 1;
			remoteGlobalIDString = CBB20EBE2F06C07900F4C7BB;
			remoteInfo = SoberQuest;
		};
		CBB20ED72F06C07F00F4C7BB /* PBXContainerItemProxy */ = {
			isa = PBXContainerItemProxy;
			containerPortal = CBB20EB72F06C07900F4C7BB /* Project object */;
			proxyType = 1;
			remoteGlobalIDString = CBB20EBE2F06C07900F4C7BB;
			remoteInfo = SoberQuest;
		};
/* End PBXContainerItemProxy section */

/* Begin PBXFileReference section */
		CB11C4652F240D660026B588 /* StoreKit.framework */ = {isa = PBXFileReference; lastKnownFileType = wrapper.framework; name = StoreKit.framework; path = System/Library/Frameworks/StoreKit.framework; sourceTree = SDKROOT; };
		CBB20F472F06C22400F4C7BB /* README.md */ = {isa = PBXFileReference; lastKnownFileType = net.daringfireball.markdown; path = README.md; sourceTree = "<group>"; };
		CBB20F492F06C22700F4C7BB /* IMPLEMENTATION_CHECKLIST.md */ = {isa = PBXFileReference; lastKnownFileType = net.daringfireball.markdown; path = IMPLEMENTATION_CHECKLIST.md; sourceTree = "<group>"; };
		CBCFAA852F0810CE00494C1B /* SoberQuest Dev.app */ = {isa = PBXFileReference; explicitFileType = wrapper.application; includeInIndex = 0; path = "SoberQuest Dev.app"; sourceTree = BUILT_PRODUCTS_DIR; };
		CBCFAA862F0810CE00494C1B /* SoberQuest.app */ = {isa = PBXFileReference; explicitFileType = wrapper.application; includeInIndex = 0; path = SoberQuest.app; sourceTree = BUILT_PRODUCTS_DIR; };
		CBCFAA872F0810CE00494C1B /* SoberQuestTests.xctest */ = {isa = PBXFileReference; explicitFileType = wrapper.cfbundle; includeInIndex = 0; path = SoberQuestTests.xctest; sourceTree = BUILT_PRODUCTS_DIR; };
		CBCFAA882F0810CE00494C1B /* SoberQuestUITests.xctest */ = {isa = PBXFileReference; explicitFileType = wrapper.cfbundle; includeInIndex = 0; path = SoberQuestUITests.xctest; sourceTree = BUILT_PRODUCTS_DIR; };
/* End PBXFileReference section */

/* Begin PBXFileSystemSynchronizedBuildFileExceptionSet section */
		CB29FE5F2F1AE148002D47B6 /* Exceptions for "SoberQuest" folder in "SoberQuest" target */ = {
			isa = PBXFileSystemSynchronizedBuildFileExceptionSet;
			membershipExceptions = (
				Info.plist,
			);
			target = CBB20EBE2F06C07900F4C7BB /* SoberQuest */;
		};
		CBB20F572F06C2F900F4C7BB /* Exceptions for "SoberQuest" folder in "SoberQuest Dev" target */ = {
			isa = PBXFileSystemSynchronizedBuildFileExceptionSet;
			membershipExceptions = (
				Info.plist,
			);
			target = CBB20F4D2F06C2F900F4C7BB /* SoberQuest Dev */;
		};
/* End PBXFileSystemSynchronizedBuildFileExceptionSet section */

/* Begin PBXFileSystemSynchronizedRootGroup section */
		CBB20EC12F06C07900F4C7BB /* SoberQuest */ = {
			isa = PBXFileSystemSynchronizedRootGroup;
			exceptions = (
				CB29FE5F2F1AE148002D47B6 /* Exceptions for "SoberQuest" folder in "SoberQuest" target */,
				CBB20F572F06C2F900F4C7BB /* Exceptions for "SoberQuest" folder in "SoberQuest Dev" target */,
			);
			path = SoberQuest;
			sourceTree = "<group>";
		};
		CBB20ECF2F06C07F00F4C7BB /* SoberQuestTests */ = {
			isa = PBXFileSystemSynchronizedRootGroup;
			path = SoberQuestTests;
			sourceTree = "<group>";
		};
		CBB20ED92F06C07F00F4C7BB /* SoberQuestUITests */ = {
			isa = PBXFileSystemSynchronizedRootGroup;
			path = SoberQuestUITests;
			sourceTree = "<group>";
		};
/* End PBXFileSystemSynchronizedRootGroup section */

/* Begin PBXFrameworksBuildPhase section */
		CBB20EBC2F06C07900F4C7BB /* Frameworks */ = {
			isa = PBXFrameworksBuildPhase;
			buildActionMask = 2147483647;
			files = (
				CBB20F5A2F06C4A200F4C7BB /* SuperwallKit in Frameworks */,
				CB11C4672F2411130026B588 /* StoreKit.framework in Frameworks */,
			);
			runOnlyForDeploymentPostprocessing = 0;
		};
		CBB20EC92F06C07F00F4C7BB /* Frameworks */ = {
			isa = PBXFrameworksBuildPhase;
			buildActionMask = 2147483647;
			files = (
			);
			runOnlyForDeploymentPostprocessing = 0;
		};
		CBB20ED32F06C07F00F4C7BB /* Frameworks */ = {
			isa = PBXFrameworksBuildPhase;
			buildActionMask = 2147483647;
			files = (
			);
			runOnlyForDeploymentPostprocessing = 0;
		};
		CBB20F4F2F06C2F900F4C7BB /* Frameworks */ = {
			isa = PBXFrameworksBuildPhase;
			buildActionMask = 2147483647;
			files = (
				CBB20F5B2F06C4A300F4C7BB /* SuperwallKit in Frameworks */,
				CB11C4662F240D670026B588 /* StoreKit.framework in Frameworks */,
			);
			runOnlyForDeploymentPostprocessing = 0;
		};
/* End PBXFrameworksBuildPhase section */

/* Begin PBXGroup section */
		CB11C4642F240D660026B588 /* Frameworks */ = {
			isa = PBXGroup;
			children = (
				CB11C4652F240D660026B588 /* StoreKit.framework */,
			);
			name = Frameworks;
			sourceTree = "<group>";
		};
		CBB20EB62F06C07900F4C7BB = {
			isa = PBXGroup;
			children = (
				CBB20EC12F06C07900F4C7BB /* SoberQuest */,
				CBB20ECF2F06C07F00F4C7BB /* SoberQuestTests */,
				CBB20ED92F06C07F00F4C7BB /* SoberQuestUITests */,
				CBB20F492F06C22700F4C7BB /* IMPLEMENTATION_CHECKLIST.md */,
				CBB20F472F06C22400F4C7BB /* README.md */,
				CBCFAA852F0810CE00494C1B /* SoberQuest Dev.app */,
				CBCFAA862F0810CE00494C1B /* SoberQuest.app */,
				CBCFAA872F0810CE00494C1B /* SoberQuestTests.xctest */,
				CBCFAA882F0810CE00494C1B /* SoberQuestUITests.xctest */,
				CB11C4642F240D660026B588 /* Frameworks */,
			);
			sourceTree = "<group>";
		};
/* End PBXGroup section */

/* Begin PBXNativeTarget section */
		CBB20EBE2F06C07900F4C7BB /* SoberQuest */ = {
			isa = PBXNativeTarget;
			buildConfigurationList = CBB20EE02F06C07F00F4C7BB /* Build configuration list for PBXNativeTarget "SoberQuest" */;
			buildPhases = (
				CBB20EBB2F06C07900F4C7BB /* Sources */,
				CBB20EBC2F06C07900F4C7BB /* Frameworks */,
				CBB20EBD2F06C07900F4C7BB /* Resources */,
			);
			buildRules = (
			);
			dependencies = (
			);
			fileSystemSynchronizedGroups = (
				CBB20EC12F06C07900F4C7BB /* SoberQuest */,
			);
			name = SoberQuest;
			packageProductDependencies = (
				CBB20F592F06C4A200F4C7BB /* SuperwallKit */,
			);
			productName = SoberQuest;
			productReference = CBCFAA862F0810CE00494C1B /* SoberQuest.app */;
			productType = "com.apple.product-type.application";
		};
		CBB20ECB2F06C07F00F4C7BB /* SoberQuestTests */ = {
			isa = PBXNativeTarget;
			buildConfigurationList = CBB20EE32F06C07F00F4C7BB /* Build configuration list for PBXNativeTarget "SoberQuestTests" */;
			buildPhases = (
				CBB20EC82F06C07F00F4C7BB /* Sources */,
				CBB20EC92F06C07F00F4C7BB /* Frameworks */,
				CBB20ECA2F06C07F00F4C7BB /* Resources */,
			);
			buildRules = (
			);
			dependencies = (
				CBB20ECE2F06C07F00F4C7BB /* PBXTargetDependency */,
			);
			fileSystemSynchronizedGroups = (
				CBB20ECF2F06C07F00F4C7BB /* SoberQuestTests */,
			);
			name = SoberQuestTests;
			packageProductDependencies = (
			);
			productName = SoberQuestTests;
			productReference = CBCFAA872F0810CE00494C1B /* SoberQuestTests.xctest */;
			productType = "com.apple.product-type.bundle.unit-test";
		};
		CBB20ED52F06C07F00F4C7BB /* SoberQuestUITests */ = {
			isa = PBXNativeTarget;
			buildConfigurationList = CBB20EE62F06C07F00F4C7BB /* Build configuration list for PBXNativeTarget "SoberQuestUITests" */;
			buildPhases = (
				CBB20ED22F06C07F00F4C7BB /* Sources */,
				CBB20ED32F06C07F00F4C7BB /* Frameworks */,
				CBB20ED42F06C07F00F4C7BB /* Resources */,
			);
			buildRules = (
			);
			dependencies = (
				CBB20ED82F06C07F00F4C7BB /* PBXTargetDependency */,
			);
			fileSystemSynchronizedGroups = (
				CBB20ED92F06C07F00F4C7BB /* SoberQuestUITests */,
			);
			name = SoberQuestUITests;
			packageProductDependencies = (
			);
			productName = SoberQuestUITests;
			productReference = CBCFAA882F0810CE00494C1B /* SoberQuestUITests.xctest */;
			productType = "com.apple.product-type.bundle.ui-testing";
		};
		CBB20F4D2F06C2F900F4C7BB /* SoberQuest Dev */ = {
			isa = PBXNativeTarget;
			buildConfigurationList = CBB20F532F06C2F900F4C7BB /* Build configuration list for PBXNativeTarget "SoberQuest Dev" */;
			buildPhases = (
				CBB20F4E2F06C2F900F4C7BB /* Sources */,
				CBB20F4F2F06C2F900F4C7BB /* Frameworks */,
				CBB20F502F06C2F900F4C7BB /* Resources */,
			);
			buildRules = (
			);
			dependencies = (
			);
			fileSystemSynchronizedGroups = (
				CBB20EC12F06C07900F4C7BB /* SoberQuest */,
			);
			name = "SoberQuest Dev";
			packageProductDependencies = (
				CBB20F5C2F06C4A300F4C7BB /* SuperwallKit */,
			);
			productName = SoberQuest;
			productReference = CBCFAA852F0810CE00494C1B /* SoberQuest Dev.app */;
			productType = "com.apple.product-type.application";
		};
/* End PBXNativeTarget section */

/* Begin PBXProject section */
		CBB20EB72F06C07900F4C7BB /* Project object */ = {
			isa = PBXProject;
			attributes = {
				BuildIndependentTargetsInParallel = 1;
				LastSwiftUpdateCheck = 2620;
				LastUpgradeCheck = 2620;
				TargetAttributes = {
					CBB20EBE2F06C07900F4C7BB = {
						CreatedOnToolsVersion = 26.2;
					};
					CBB20ECB2F06C07F00F4C7BB = {
						CreatedOnToolsVersion = 26.2;
						TestTargetID = CBB20EBE2F06C07900F4C7BB;
					};
					CBB20ED52F06C07F00F4C7BB = {
						CreatedOnToolsVersion = 26.2;
						TestTargetID = CBB20EBE2F06C07900F4C7BB;
					};
				};
			};
			buildConfigurationList = CBB20EBA2F06C07900F4C7BB /* Build configuration list for PBXProject "SoberQuest" */;
			developmentRegion = en;
			hasScannedForEncodings = 0;
			knownRegions = (
				en,
				Base,
			);
			mainGroup = CBB20EB62F06C07900F4C7BB;
			minimizedProjectReferenceProxies = 1;
			packageReferences = (
				CBB20F582F06C4A100F4C7BB /* XCRemoteSwiftPackageReference "Superwall-iOS" */,
			);
			preferredProjectObjectVersion = 77;
			productRefGroup = CBB20EB62F06C07900F4C7BB;
			projectDirPath = "";
			projectRoot = "";
			targets = (
				CBB20EBE2F06C07900F4C7BB /* SoberQuest */,
				CBB20ECB2F06C07F00F4C7BB /* SoberQuestTests */,
				CBB20ED52F06C07F00F4C7BB /* SoberQuestUITests */,
				CBB20F4D2F06C2F900F4C7BB /* SoberQuest Dev */,
			);
		};
/* End PBXProject section */

/* Begin PBXResourcesBuildPhase section */
		CBB20EBD2F06C07900F4C7BB /* Resources */ = {
			isa = PBXResourcesBuildPhase;
			buildActionMask = 2147483647;
			files = (
				CBB20F482F06C22400F4C7BB /* README.md in Resources */,
				CBB20F4A2F06C22700F4C7BB /* IMPLEMENTATION_CHECKLIST.md in Resources */,
			);
			runOnlyForDeploymentPostprocessing = 0;
		};
		CBB20ECA2F06C07F00F4C7BB /* Resources */ = {
			isa = PBXResourcesBuildPhase;
			buildActionMask = 2147483647;
			files = (
			);
			runOnlyForDeploymentPostprocessing = 0;
		};
		CBB20ED42F06C07F00F4C7BB /* Resources */ = {
			isa = PBXResourcesBuildPhase;
			buildActionMask = 2147483647;
			files = (
			);
			runOnlyForDeploymentPostprocessing = 0;
		};
		CBB20F502F06C2F900F4C7BB /* Resources */ = {
			isa = PBXResourcesBuildPhase;
			buildActionMask = 2147483647;
			files = (
				CBB20F512F06C2F900F4C7BB /* README.md in Resources */,
				CBB20F522F06C2F900F4C7BB /* IMPLEMENTATION_CHECKLIST.md in Resources */,
			);
			runOnlyForDeploymentPostprocessing = 0;
		};
/* End PBXResourcesBuildPhase section */

/* Begin PBXSourcesBuildPhase section */
		CBB20EBB2F06C07900F4C7BB /* Sources */ = {
			isa = PBXSourcesBuildPhase;
			buildActionMask = 2147483647;
			files = (
			);
			runOnlyForDeploymentPostprocessing = 0;
		};
		CBB20EC82F06C07F00F4C7BB /* Sources */ = {
			isa = PBXSourcesBuildPhase;
			buildActionMask = 2147483647;
			files = (
			);
			runOnlyForDeploymentPostprocessing = 0;
		};
		CBB20ED22F06C07F00F4C7BB /* Sources */ = {
			isa = PBXSourcesBuildPhase;
			buildActionMask = 2147483647;
			files = (
			);
			runOnlyForDeploymentPostprocessing = 0;
		};
		CBB20F4E2F06C2F900F4C7BB /* Sources */ = {
			isa = PBXSourcesBuildPhase;
			buildActionMask = 2147483647;
			files = (
			);
			runOnlyForDeploymentPostprocessing = 0;
		};
/* End PBXSourcesBuildPhase section */

/* Begin PBXTargetDependency section */
		CBB20ECE2F06C07F00F4C7BB /* PBXTargetDependency */ = {
			isa = PBXTargetDependency;
			target = CBB20EBE2F06C07900F4C7BB /* SoberQuest */;
			targetProxy = CBB20ECD2F06C07F00F4C7BB /* PBXContainerItemProxy */;
		};
		CBB20ED82F06C07F00F4C7BB /* PBXTargetDependency */ = {
			isa = PBXTargetDependency;
			target = CBB20EBE2F06C07900F4C7BB /* SoberQuest */;
			targetProxy = CBB20ED72F06C07F00F4C7BB /* PBXContainerItemProxy */;
		};
/* End PBXTargetDependency section */

/* Begin XCBuildConfiguration section */
		CBB20EDE2F06C07F00F4C7BB /* Debug */ = {
			isa = XCBuildConfiguration;
			buildSettings = {
				ALWAYS_SEARCH_USER_PATHS = NO;
				ASSETCATALOG_COMPILER_GENERATE_SWIFT_ASSET_SYMBOL_EXTENSIONS = YES;
				CLANG_ANALYZER_NONNULL = YES;
				CLANG_ANALYZER_NUMBER_OBJECT_CONVERSION = YES_AGGRESSIVE;
				CLANG_CXX_LANGUAGE_STANDARD = "gnu++20";
				CLANG_ENABLE_MODULES = YES;
				CLANG_ENABLE_OBJC_ARC = YES;
				CLANG_ENABLE_OBJC_WEAK = YES;
				CLANG_WARN_BLOCK_CAPTURE_AUTORELEASING = YES;
				CLANG_WARN_BOOL_CONVERSION = YES;
				CLANG_WARN_COMMA = YES;
				CLANG_WARN_CONSTANT_CONVERSION = YES;
				CLANG_WARN_DEPRECATED_OBJC_IMPLEMENTATIONS = YES;
				CLANG_WARN_DIRECT_OBJC_ISA_USAGE = YES_ERROR;
				CLANG_WARN_DOCUMENTATION_COMMENTS = YES;
				CLANG_WARN_EMPTY_BODY = YES;
				CLANG_WARN_ENUM_CONVERSION = YES;
				CLANG_WARN_INFINITE_RECURSION = YES;
				CLANG_WARN_INT_CONVERSION = YES;
				CLANG_WARN_NON_LITERAL_NULL_CONVERSION = YES;
				CLANG_WARN_OBJC_IMPLICIT_RETAIN_SELF = YES;
				CLANG_WARN_OBJC_LITERAL_CONVERSION = YES;
				CLANG_WARN_OBJC_ROOT_CLASS = YES_ERROR;
				CLANG_WARN_QUOTED_INCLUDE_IN_FRAMEWORK_HEADER = YES;
				CLANG_WARN_RANGE_LOOP_ANALYSIS = YES;
				CLANG_WARN_STRICT_PROTOTYPES = YES;
				CLANG_WARN_SUSPICIOUS_MOVE = YES;
				CLANG_WARN_UNGUARDED_AVAILABILITY = YES_AGGRESSIVE;
				CLANG_WARN_UNREACHABLE_CODE = YES;
				CLANG_WARN__DUPLICATE_METHOD_MATCH = YES;
				COPY_PHASE_STRIP = NO;
				DEBUG_INFORMATION_FORMAT = dwarf;
				DEVELOPMENT_TEAM = 2GT3BY74WS;
				ENABLE_STRICT_OBJC_MSGSEND = YES;
				ENABLE_TESTABILITY = YES;
				ENABLE_USER_SCRIPT_SANDBOXING = YES;
				GCC_C_LANGUAGE_STANDARD = gnu17;
				GCC_DYNAMIC_NO_PIC = NO;
				GCC_NO_COMMON_BLOCKS = YES;
				GCC_OPTIMIZATION_LEVEL = 0;
				GCC_PREPROCESSOR_DEFINITIONS = (
					"DEBUG=1",
					"$(inherited)",
				);
				GCC_WARN_64_TO_32_BIT_CONVERSION = YES;
				GCC_WARN_ABOUT_RETURN_TYPE = YES_ERROR;
				GCC_WARN_UNDECLARED_SELECTOR = YES;
				GCC_WARN_UNINITIALIZED_AUTOS = YES_AGGRESSIVE;
				GCC_WARN_UNUSED_FUNCTION = YES;
				GCC_WARN_UNUSED_VARIABLE = YES;
				IPHONEOS_DEPLOYMENT_TARGET = 26.2;
				LOCALIZATION_PREFERS_STRING_CATALOGS = YES;
				MTL_ENABLE_DEBUG_INFO = INCLUDE_SOURCE;
				MTL_FAST_MATH = YES;
				ONLY_ACTIVE_ARCH = YES;
				SDKROOT = iphoneos;
				SWIFT_ACTIVE_COMPILATION_CONDITIONS = "DEBUG $(inherited)";
				SWIFT_OPTIMIZATION_LEVEL = "-Onone";
			};
			name = Debug;
		};
		CBB20EDF2F06C07F00F4C7BB /* Release */ = {
			isa = XCBuildConfiguration;
			buildSettings = {
				ALWAYS_SEARCH_USER_PATHS = NO;
				ASSETCATALOG_COMPILER_GENERATE_SWIFT_ASSET_SYMBOL_EXTENSIONS = YES;
				CLANG_ANALYZER_NONNULL = YES;
				CLANG_ANALYZER_NUMBER_OBJECT_CONVERSION = YES_AGGRESSIVE;
				CLANG_CXX_LANGUAGE_STANDARD = "gnu++20";
				CLANG_ENABLE_MODULES = YES;
				CLANG_ENABLE_OBJC_ARC = YES;
				CLANG_ENABLE_OBJC_WEAK = YES;
				CLANG_WARN_BLOCK_CAPTURE_AUTORELEASING = YES;
				CLANG_WARN_BOOL_CONVERSION = YES;
				CLANG_WARN_COMMA = YES;
				CLANG_WARN_CONSTANT_CONVERSION = YES;
				CLANG_WARN_DEPRECATED_OBJC_IMPLEMENTATIONS = YES;
				CLANG_WARN_DIRECT_OBJC_ISA_USAGE = YES_ERROR;
				CLANG_WARN_DOCUMENTATION_COMMENTS = YES;
				CLANG_WARN_EMPTY_BODY = YES;
				CLANG_WARN_ENUM_CONVERSION = YES;
				CLANG_WARN_INFINITE_RECURSION = YES;
				CLANG_WARN_INT_CONVERSION = YES;
				CLANG_WARN_NON_LITERAL_NULL_CONVERSION = YES;
				CLANG_WARN_OBJC_IMPLICIT_RETAIN_SELF = YES;
				CLANG_WARN_OBJC_LITERAL_CONVERSION = YES;
				CLANG_WARN_OBJC_ROOT_CLASS = YES_ERROR;
				CLANG_WARN_QUOTED_INCLUDE_IN_FRAMEWORK_HEADER = YES;
				CLANG_WARN_RANGE_LOOP_ANALYSIS = YES;
				CLANG_WARN_STRICT_PROTOTYPES = YES;
				CLANG_WARN_SUSPICIOUS_MOVE = YES;
				CLANG_WARN_UNGUARDED_AVAILABILITY = YES_AGGRESSIVE;
				CLANG_WARN_UNREACHABLE_CODE = YES;
				CLANG_WARN__DUPLICATE_METHOD_MATCH = YES;
				COPY_PHASE_STRIP = NO;
				DEBUG_INFORMATION_FORMAT = "dwarf-with-dsym";
				DEVELOPMENT_TEAM = 2GT3BY74WS;
				ENABLE_NS_ASSERTIONS = NO;
				ENABLE_STRICT_OBJC_MSGSEND = YES;
				ENABLE_USER_SCRIPT_SANDBOXING = YES;
				GCC_C_LANGUAGE_STANDARD = gnu17;
				GCC_NO_COMMON_BLOCKS = YES;
				GCC_WARN_64_TO_32_BIT_CONVERSION = YES;
				GCC_WARN_ABOUT_RETURN_TYPE = YES_ERROR;
				GCC_WARN_UNDECLARED_SELECTOR = YES;
				GCC_WARN_UNINITIALIZED_AUTOS = YES_AGGRESSIVE;
				GCC_WARN_UNUSED_FUNCTION = YES;
				GCC_WARN_UNUSED_VARIABLE = YES;
				IPHONEOS_DEPLOYMENT_TARGET = 26.2;
				LOCALIZATION_PREFERS_STRING_CATALOGS = YES;
				MTL_ENABLE_DEBUG_INFO = NO;
				MTL_FAST_MATH = YES;
				SDKROOT = iphoneos;
				SWIFT_COMPILATION_MODE = wholemodule;
				VALIDATE_PRODUCT = YES;
			};
			name = Release;
		};
		CBB20EE12F06C07F00F4C7BB /* Debug */ = {
			isa = XCBuildConfiguration;
			buildSettings = {
				ASSETCATALOG_COMPILER_APPICON_NAME = AppIcon;
				ASSETCATALOG_COMPILER_GLOBAL_ACCENT_COLOR_NAME = AccentColor;
				CODE_SIGN_STYLE = Automatic;
				CURRENT_PROJECT_VERSION = 2;
				DEVELOPMENT_TEAM = 2GT3BY74WS;
				ENABLE_PREVIEWS = YES;
				GENERATE_INFOPLIST_FILE = YES;
				INFOPLIST_FILE = SoberQuest/Info.plist;
				INFOPLIST_KEY_NSPhotoLibraryAddUsageDescription = "Save your sobriety milestone badges to your photo library.";
				INFOPLIST_KEY_UIApplicationSceneManifest_Generation = YES;
				INFOPLIST_KEY_UIApplicationSupportsIndirectInputEvents = YES;
				INFOPLIST_KEY_UILaunchStoryboardName = LaunchScreen;
				INFOPLIST_KEY_UISupportedInterfaceOrientations = UIInterfaceOrientationPortrait;
				INFOPLIST_KEY_UISupportedInterfaceOrientations_iPad = "UIInterfaceOrientationLandscapeLeft UIInterfaceOrientationLandscapeRight UIInterfaceOrientationPortrait UIInterfaceOrientationPortraitUpsideDown";
				IPHONEOS_DEPLOYMENT_TARGET = 16.0;
				LD_RUNPATH_SEARCH_PATHS = (
					"$(inherited)",
					"@executable_path/Frameworks",
				);
				MARKETING_VERSION = 1.0.1;
				PRODUCT_BUNDLE_IDENTIFIER = com.studionoo.SoberQuest;
				PRODUCT_NAME = "$(TARGET_NAME)";
				STRING_CATALOG_GENERATE_SYMBOLS = YES;
				SUPPORTED_PLATFORMS = "iphoneos iphonesimulator";
				SUPPORTS_MACCATALYST = NO;
				SUPPORTS_MAC_DESIGNED_FOR_IPHONE_IPAD = NO;
				SUPPORTS_XR_DESIGNED_FOR_IPHONE_IPAD = NO;
				SWIFT_APPROACHABLE_CONCURRENCY = YES;
				SWIFT_DEFAULT_ACTOR_ISOLATION = MainActor;
				SWIFT_EMIT_LOC_STRINGS = YES;
				SWIFT_UPCOMING_FEATURE_MEMBER_IMPORT_VISIBILITY = YES;
				SWIFT_VERSION = 5.0;
				TARGETED_DEVICE_FAMILY = 1;
			};
			name = Debug;
		};
		CBB20EE22F06C07F00F4C7BB /* Release */ = {
			isa = XCBuildConfiguration;
			buildSettings = {
				ASSETCATALOG_COMPILER_APPICON_NAME = AppIcon;
				ASSETCATALOG_COMPILER_GLOBAL_ACCENT_COLOR_NAME = AccentColor;
				CODE_SIGN_STYLE = Automatic;
				CURRENT_PROJECT_VERSION = 2;
				DEVELOPMENT_TEAM = 2GT3BY74WS;
				ENABLE_PREVIEWS = YES;
				GENERATE_INFOPLIST_FILE = YES;
				INFOPLIST_FILE = SoberQuest/Info.plist;
				INFOPLIST_KEY_NSPhotoLibraryAddUsageDescription = "Save your sobriety milestone badges to your photo library.";
				INFOPLIST_KEY_UIApplicationSceneManifest_Generation = YES;
				INFOPLIST_KEY_UIApplicationSupportsIndirectInputEvents = YES;
				INFOPLIST_KEY_UILaunchStoryboardName = LaunchScreen;
				INFOPLIST_KEY_UISupportedInterfaceOrientations = UIInterfaceOrientationPortrait;
				INFOPLIST_KEY_UISupportedInterfaceOrientations_iPad = "UIInterfaceOrientationLandscapeLeft UIInterfaceOrientationLandscapeRight UIInterfaceOrientationPortrait UIInterfaceOrientationPortraitUpsideDown";
				IPHONEOS_DEPLOYMENT_TARGET = 16.0;
				LD_RUNPATH_SEARCH_PATHS = (
					"$(inherited)",
					"@executable_path/Frameworks",
				);
				MARKETING_VERSION = 1.0.1;
				PRODUCT_BUNDLE_IDENTIFIER = com.studionoo.SoberQuest;
				PRODUCT_NAME = "$(TARGET_NAME)";
				STRING_CATALOG_GENERATE_SYMBOLS = YES;
				SUPPORTED_PLATFORMS = "iphoneos iphonesimulator";
				SUPPORTS_MACCATALYST = NO;
				SUPPORTS_MAC_DESIGNED_FOR_IPHONE_IPAD = NO;
				SUPPORTS_XR_DESIGNED_FOR_IPHONE_IPAD = NO;
				SWIFT_APPROACHABLE_CONCURRENCY = YES;
				SWIFT_DEFAULT_ACTOR_ISOLATION = MainActor;
				SWIFT_EMIT_LOC_STRINGS = YES;
				SWIFT_UPCOMING_FEATURE_MEMBER_IMPORT_VISIBILITY = YES;
				SWIFT_VERSION = 5.0;
				TARGETED_DEVICE_FAMILY = 1;
			};
			name = Release;
		};
		CBB20EE42F06C07F00F4C7BB /* Debug */ = {
			isa = XCBuildConfiguration;
			buildSettings = {
				BUNDLE_LOADER = "$(TEST_HOST)";
				CODE_SIGN_STYLE = Automatic;
				CURRENT_PROJECT_VERSION = 1;
				DEVELOPMENT_TEAM = 2GT3BY74WS;
				GENERATE_INFOPLIST_FILE = YES;
				IPHONEOS_DEPLOYMENT_TARGET = 26.2;
				MARKETING_VERSION = 1.0;
				PRODUCT_BUNDLE_IDENTIFIER = com.studionoo.SoberQuestTests;
				PRODUCT_NAME = "$(TARGET_NAME)";
				STRING_CATALOG_GENERATE_SYMBOLS = NO;
				SWIFT_APPROACHABLE_CONCURRENCY = YES;
				SWIFT_EMIT_LOC_STRINGS = NO;
				SWIFT_UPCOMING_FEATURE_MEMBER_IMPORT_VISIBILITY = YES;
				SWIFT_VERSION = 5.0;
				TARGETED_DEVICE_FAMILY = "1,2";
				TEST_HOST = "$(BUILT_PRODUCTS_DIR)/SoberQuest.app/$(BUNDLE_EXECUTABLE_FOLDER_PATH)/SoberQuest";
			};
			name = Debug;
		};
		CBB20EE52F06C07F00F4C7BB /* Release */ = {
			isa = XCBuildConfiguration;
			buildSettings = {
				BUNDLE_LOADER = "$(TEST_HOST)";
				CODE_SIGN_STYLE = Automatic;
				CURRENT_PROJECT_VERSION = 1;
				DEVELOPMENT_TEAM = 2GT3BY74WS;
				GENERATE_INFOPLIST_FILE = YES;
				IPHONEOS_DEPLOYMENT_TARGET = 26.2;
				MARKETING_VERSION = 1.0;
				PRODUCT_BUNDLE_IDENTIFIER = com.studionoo.SoberQuestTests;
				PRODUCT_NAME = "$(TARGET_NAME)";
				STRING_CATALOG_GENERATE_SYMBOLS = NO;
				SWIFT_APPROACHABLE_CONCURRENCY = YES;
				SWIFT_EMIT_LOC_STRINGS = NO;
				SWIFT_UPCOMING_FEATURE_MEMBER_IMPORT_VISIBILITY = YES;
				SWIFT_VERSION = 5.0;
				TARGETED_DEVICE_FAMILY = "1,2";
				TEST_HOST = "$(BUILT_PRODUCTS_DIR)/SoberQuest.app/$(BUNDLE_EXECUTABLE_FOLDER_PATH)/SoberQuest";
			};
			name = Release;
		};
		CBB20EE72F06C07F00F4C7BB /* Debug */ = {
			isa = XCBuildConfiguration;
			buildSettings = {
				CODE_SIGN_STYLE = Automatic;
				CURRENT_PROJECT_VERSION = 1;
				DEVELOPMENT_TEAM = 2GT3BY74WS;
				GENERATE_INFOPLIST_FILE = YES;
				MARKETING_VERSION = 1.0;
				PRODUCT_BUNDLE_IDENTIFIER = com.studionoo.SoberQuestUITests;
				PRODUCT_NAME = "$(TARGET_NAME)";
				STRING_CATALOG_GENERATE_SYMBOLS = NO;
				SWIFT_APPROACHABLE_CONCURRENCY = YES;
				SWIFT_EMIT_LOC_STRINGS = NO;
				SWIFT_UPCOMING_FEATURE_MEMBER_IMPORT_VISIBILITY = YES;
				SWIFT_VERSION = 5.0;
				TARGETED_DEVICE_FAMILY = "1,2";
				TEST_TARGET_NAME = SoberQuest;
			};
			name = Debug;
		};
		CBB20EE82F06C07F00F4C7BB /* Release */ = {
			isa = XCBuildConfiguration;
			buildSettings = {
				CODE_SIGN_STYLE = Automatic;
				CURRENT_PROJECT_VERSION = 1;
				DEVELOPMENT_TEAM = 2GT3BY74WS;
				GENERATE_INFOPLIST_FILE = YES;
				MARKETING_VERSION = 1.0;
				PRODUCT_BUNDLE_IDENTIFIER = com.studionoo.SoberQuestUITests;
				PRODUCT_NAME = "$(TARGET_NAME)";
				STRING_CATALOG_GENERATE_SYMBOLS = NO;
				SWIFT_APPROACHABLE_CONCURRENCY = YES;
				SWIFT_EMIT_LOC_STRINGS = NO;
				SWIFT_UPCOMING_FEATURE_MEMBER_IMPORT_VISIBILITY = YES;
				SWIFT_VERSION = 5.0;
				TARGETED_DEVICE_FAMILY = "1,2";
				TEST_TARGET_NAME = SoberQuest;
			};
			name = Release;
		};
		CBB20F542F06C2F900F4C7BB /* Debug */ = {
			isa = XCBuildConfiguration;
			buildSettings = {
				ASSETCATALOG_COMPILER_APPICON_NAME = AppIcon;
				ASSETCATALOG_COMPILER_GLOBAL_ACCENT_COLOR_NAME = AccentColor;
				CODE_SIGN_STYLE = Automatic;
				CURRENT_PROJECT_VERSION = 1;
				DEVELOPMENT_TEAM = 2GT3BY74WS;
				ENABLE_PREVIEWS = YES;
				GENERATE_INFOPLIST_FILE = YES;
				INFOPLIST_KEY_UIApplicationSceneManifest_Generation = YES;
				INFOPLIST_KEY_UIApplicationSupportsIndirectInputEvents = YES;
				INFOPLIST_KEY_UILaunchStoryboardName = LaunchScreen;
				INFOPLIST_KEY_UISupportedInterfaceOrientations = UIInterfaceOrientationPortrait;
				INFOPLIST_KEY_UISupportedInterfaceOrientations_iPad = "UIInterfaceOrientationLandscapeLeft UIInterfaceOrientationLandscapeRight UIInterfaceOrientationPortrait UIInterfaceOrientationPortraitUpsideDown";
				IPHONEOS_DEPLOYMENT_TARGET = 16.0;
				LD_RUNPATH_SEARCH_PATHS = (
					"$(inherited)",
					"@executable_path/Frameworks",
				);
				MARKETING_VERSION = "1.0-dev";
				PRODUCT_BUNDLE_IDENTIFIER = com.studionoo.SoberQuest.dev;
				PRODUCT_NAME = "$(TARGET_NAME)";
				STRING_CATALOG_GENERATE_SYMBOLS = YES;
				SUPPORTED_PLATFORMS = "iphoneos iphonesimulator";
				SUPPORTS_MACCATALYST = NO;
				SUPPORTS_MAC_DESIGNED_FOR_IPHONE_IPAD = NO;
				SUPPORTS_XR_DESIGNED_FOR_IPHONE_IPAD = NO;
				SWIFT_APPROACHABLE_CONCURRENCY = YES;
				SWIFT_DEFAULT_ACTOR_ISOLATION = MainActor;
				SWIFT_EMIT_LOC_STRINGS = YES;
				SWIFT_UPCOMING_FEATURE_MEMBER_IMPORT_VISIBILITY = YES;
				SWIFT_VERSION = 5.0;
				TARGETED_DEVICE_FAMILY = 1;
			};
			name = Debug;
		};
		CBB20F552F06C2F900F4C7BB /* Release */ = {
			isa = XCBuildConfiguration;
			buildSettings = {
				ASSETCATALOG_COMPILER_APPICON_NAME = AppIcon;
				ASSETCATALOG_COMPILER_GLOBAL_ACCENT_COLOR_NAME = AccentColor;
				CODE_SIGN_STYLE = Automatic;
				CURRENT_PROJECT_VERSION = 1;
				DEVELOPMENT_TEAM = 2GT3BY74WS;
				ENABLE_PREVIEWS = YES;
				GENERATE_INFOPLIST_FILE = YES;
				INFOPLIST_KEY_UIApplicationSceneManifest_Generation = YES;
				INFOPLIST_KEY_UIApplicationSupportsIndirectInputEvents = YES;
				INFOPLIST_KEY_UILaunchStoryboardName = LaunchScreen;
				INFOPLIST_KEY_UISupportedInterfaceOrientations = UIInterfaceOrientationPortrait;
				INFOPLIST_KEY_UISupportedInterfaceOrientations_iPad = "UIInterfaceOrientationLandscapeLeft UIInterfaceOrientationLandscapeRight UIInterfaceOrientationPortrait UIInterfaceOrientationPortraitUpsideDown";
				IPHONEOS_DEPLOYMENT_TARGET = 16.0;
				LD_RUNPATH_SEARCH_PATHS = (
					"$(inherited)",
					"@executable_path/Frameworks",
				);
				MARKETING_VERSION = "1.0-dev";
				PRODUCT_BUNDLE_IDENTIFIER = com.studionoo.SoberQuest.dev;
				PRODUCT_NAME = "$(TARGET_NAME)";
				STRING_CATALOG_GENERATE_SYMBOLS = YES;
				SUPPORTED_PLATFORMS = "iphoneos iphonesimulator";
				SUPPORTS_MACCATALYST = NO;
				SUPPORTS_MAC_DESIGNED_FOR_IPHONE_IPAD = NO;
				SUPPORTS_XR_DESIGNED_FOR_IPHONE_IPAD = NO;
				SWIFT_APPROACHABLE_CONCURRENCY = YES;
				SWIFT_DEFAULT_ACTOR_ISOLATION = MainActor;
				SWIFT_EMIT_LOC_STRINGS = YES;
				SWIFT_UPCOMING_FEATURE_MEMBER_IMPORT_VISIBILITY = YES;
				SWIFT_VERSION = 5.0;
				TARGETED_DEVICE_FAMILY = 1;
			};
			name = Release;
		};
/* End XCBuildConfiguration section */

/* Begin XCConfigurationList section */
		CBB20EBA2F06C07900F4C7BB /* Build configuration list for PBXProject "SoberQuest" */ = {
			isa = XCConfigurationList;
			buildConfigurations = (
				CBB20EDE2F06C07F00F4C7BB /* Debug */,
				CBB20EDF2F06C07F00F4C7BB /* Release */,
			);
			defaultConfigurationIsVisible = 0;
			defaultConfigurationName = Release;
		};
		CBB20EE02F06C07F00F4C7BB /* Build configuration list for PBXNativeTarget "SoberQuest" */ = {
			isa = XCConfigurationList;
			buildConfigurations = (
				CBB20EE12F06C07F00F4C7BB /* Debug */,
				CBB20EE22F06C07F00F4C7BB /* Release */,
			);
			defaultConfigurationIsVisible = 0;
			defaultConfigurationName = Release;
		};
		CBB20EE32F06C07F00F4C7BB /* Build configuration list for PBXNativeTarget "SoberQuestTests" */ = {
			isa = XCConfigurationList;
			buildConfigurations = (
				CBB20EE42F06C07F00F4C7BB /* Debug */,
				CBB20EE52F06C07F00F4C7BB /* Release */,
			);
			defaultConfigurationIsVisible = 0;
			defaultConfigurationName = Release;
		};
		CBB20EE62F06C07F00F4C7BB /* Build configuration list for PBXNativeTarget "SoberQuestUITests" */ = {
			isa = XCConfigurationList;
			buildConfigurations = (
				CBB20EE72F06C07F00F4C7BB /* Debug */,
				CBB20EE82F06C07F00F4C7BB /* Release */,
			);
			defaultConfigurationIsVisible = 0;
			defaultConfigurationName = Release;
		};
		CBB20F532F06C2F900F4C7BB /* Build configuration list for PBXNativeTarget "SoberQuest Dev" */ = {
			isa = XCConfigurationList;
			buildConfigurations = (
				CBB20F542F06C2F900F4C7BB /* Debug */,
				CBB20F552F06C2F900F4C7BB /* Release */,
			);
			defaultConfigurationIsVisible = 0;
			defaultConfigurationName = Release;
		};
/* End XCConfigurationList section */

/* Begin XCRemoteSwiftPackageReference section */
		CBB20F582F06C4A100F4C7BB /* XCRemoteSwiftPackageReference "Superwall-iOS" */ = {
			isa = XCRemoteSwiftPackageReference;
			repositoryURL = "https://github.com/superwall/Superwall-iOS";
			requirement = {
				kind = upToNextMajorVersion;
				minimumVersion = 4.11.2;
			};
		};
/* End XCRemoteSwiftPackageReference section */

/* Begin XCSwiftPackageProductDependency section */
		CBB20F592F06C4A200F4C7BB /* SuperwallKit */ = {
			isa = XCSwiftPackageProductDependency;
			package = CBB20F582F06C4A100F4C7BB /* XCRemoteSwiftPackageReference "Superwall-iOS" */;
			productName = SuperwallKit;
		};
		CBB20F5C2F06C4A300F4C7BB /* SuperwallKit */ = {
			isa = XCSwiftPackageProductDependency;
			package = CBB20F582F06C4A100F4C7BB /* XCRemoteSwiftPackageReference "Superwall-iOS" */;
			productName = SuperwallKit;
		};
/* End XCSwiftPackageProductDependency section */
	};
	rootObject = CBB20EB72F06C07900F4C7BB /* Project object */;
}
